schema: '2.0'
stages:
  download:
    cmd: python scripts/download_data.py
    deps:
    - path: scripts/download_data.py
      hash: md5
      md5: b7fdd792a5ba62d5a67391ec743aa49f
      size: 2614
      isexec: true
    outs:
    - path: data/raw/dataset_info.txt
      hash: md5
      md5: 6dd51fe23b75be44c764d086fe8ae7ba
      size: 130
  preprocess:
    cmd: python scripts/preprocess.py
    deps:
    - path: config/data/default.yaml
      hash: md5
      md5: 2c6cb5002276347e878bfeec0178cbc1
      size: 933
      isexec: true
    - path: data/raw/dataset_info.txt
      hash: md5
      md5: 6dd51fe23b75be44c764d086fe8ae7ba
      size: 130
    - path: scripts/preprocess.py
      hash: md5
      md5: 663fc6c84791bff92d594c1fd8bfbd21
      size: 5794
      isexec: true
    outs:
    - path: data/processed/test/data.npy
      hash: md5
      md5: 2cc5d16d7946e0d4e17bdb683b66cb66
      size: 50738816
    - path: data/processed/test/labels.npy
      hash: md5
      md5: 0a9f9b6adba3d2607088c6734c6e87da
      size: 4736
    - path: data/processed/train/data.npy
      hash: md5
      md5: 3e8d9a4ff6366d3fbbbc78897bf58245
      size: 355170944
    - path: data/processed/train/labels.npy
      hash: md5
      md5: 69533cb5deb9cf738c6abcf3be56695e
      size: 32384
    - path: data/processed/val/data.npy
      hash: md5
      md5: 5833ab88d8f240bdae87c5ce0170dcdf
      size: 128
    - path: data/processed/val/labels.npy
      hash: md5
      md5: 5833ab88d8f240bdae87c5ce0170dcdf
      size: 128
